
Microsoft Visual Studio Solution File, Format Version 12.00
# Visual Studio Version 17
VisualStudioVersion = 17.14.36408.4
MinimumVisualStudioVersion = 10.0.40219.1
Project("{FAE04EC0-301F-11D3-BF4B-00C04F79EFBC}") = "Integrations.Localization", "localization\Integrations.Localization.csproj", "{C9179B59-C789-423A-9A1F-9854D7D1A4DF}"
EndProject
Project("{FAE04EC0-301F-11D3-BF4B-00C04F79EFBC}") = "Integrations.Localization.Tests", "Integrations.Localization.Tests\Integrations.Localization.Tests.csproj", "{32859DCA-0DAC-45AD-A19C-EC1546528056}"
EndProject
Global
	GlobalSection(SolutionConfigurationPlatforms) = preSolution
		Debug|Any CPU = Debug|Any CPU
		Release|Any CPU = Release|Any CPU
	EndGlobalSection
	GlobalSection(ProjectConfigurationPlatforms) = postSolution
		{C9179B59-C789-423A-9A1F-9854D7D1A4DF}.Debug|Any CPU.ActiveCfg = Debug|Any CPU
		{C9179B59-C789-423A-9A1F-9854D7D1A4DF}.Debug|Any CPU.Build.0 = Debug|Any CPU
		{C9179B59-C789-423A-9A1F-9854D7D1A4DF}.Release|Any CPU.ActiveCfg = Release|Any CPU
		{C9179B59-C789-423A-9A1F-9854D7D1A4DF}.Release|Any CPU.Build.0 = Release|Any CPU
		{32859DCA-0DAC-45AD-A19C-EC1546528056}.Debug|Any CPU.ActiveCfg = Debug|Any CPU
		{32859DCA-0DAC-45AD-A19C-EC1546528056}.Debug|Any CPU.Build.0 = Debug|Any CPU
		{32859DCA-0DAC-45AD-A19C-EC1546528056}.Release|Any CPU.ActiveCfg = Release|Any CPU
		{32859DCA-0DAC-45AD-A19C-EC1546528056}.Release|Any CPU.Build.0 = Release|Any CPU
	EndGlobalSection
	GlobalSection(SolutionProperties) = preSolution
		HideSolutionNode = FALSE
	EndGlobalSection
	GlobalSection(ExtensibilityGlobals) = postSolution
		SolutionGuid = {F75B29D4-3751-402B-BCD2-C0ECEFEF688F}
	EndGlobalSection
EndGlobal
